Microsoft Visual Studio Solution File, Format Version 12.00
# Visual Studio Version 17
VisualStudioVersion = 17.5.2.0
MinimumVisualStudioVersion = 10.0.40219.1
Project("{2150E333-8FDC-42A3-9474-1A3956D46DE8}") = "UnityMod", "UnityMod", "{A1D43F73-82A9-6F44-5708-95D3AAB2253A}"
EndProject
Project("{2150E333-8FDC-42A3-9474-1A3956D46DE8}") = "BSIPA", "BSIPA", "{D2CC2A8C-F905-B124-C88E-DACFF857C6C4}"
EndProject
Project("{FAE04EC0-301F-11D3-BF4B-00C04F79EFBC}") = "OnAirTap", "UnityMod\BSIPA\OnAirTap.csproj", "{7E8A8859-D4C4-3097-70AC-A3429A633E56}"
EndProject
Project("{2150E333-8FDC-42A3-9474-1A3956D46DE8}") = "BepInEx", "BepInEx", "{A12F0679-D01A-C820-C24F-57854746EB98}"
EndProject
Project("{FAE04EC0-301F-11D3-BF4B-00C04F79EFBC}") = "OnAirTap-BepInEx", "UnityMod\BepInEx\OnAirTap-BepInEx.csproj", "{9F0EC94B-4EEB-DBD5-D53F-EE841995FA5D}"
EndProject
Global
	GlobalSection(SolutionConfigurationPlatforms) = preSolution
		Debug|Any CPU = Debug|Any CPU
		Release|Any CPU = Release|Any CPU
	EndGlobalSection
	GlobalSection(ProjectConfigurationPlatforms) = postSolution
		{7E8A8859-D4C4-3097-70AC-A3429A633E56}.Debug|Any CPU.ActiveCfg = Debug|Any CPU
		{7E8A8859-D4C4-3097-70AC-A3429A633E56}.Debug|Any CPU.Build.0 = Debug|Any CPU
		{7E8A8859-D4C4-3097-70AC-A3429A633E56}.Release|Any CPU.ActiveCfg = Release|Any CPU
		{7E8A8859-D4C4-3097-70AC-A3429A633E56}.Release|Any CPU.Build.0 = Release|Any CPU
		{9F0EC94B-4EEB-DBD5-D53F-EE841995FA5D}.Debug|Any CPU.ActiveCfg = Debug|Any CPU
		{9F0EC94B-4EEB-DBD5-D53F-EE841995FA5D}.Debug|Any CPU.Build.0 = Debug|Any CPU
		{9F0EC94B-4EEB-DBD5-D53F-EE841995FA5D}.Release|Any CPU.ActiveCfg = Release|Any CPU
		{9F0EC94B-4EEB-DBD5-D53F-EE841995FA5D}.Release|Any CPU.Build.0 = Release|Any CPU
	EndGlobalSection
	GlobalSection(SolutionProperties) = preSolution
		HideSolutionNode = FALSE
	EndGlobalSection
	GlobalSection(NestedProjects) = preSolution
		{D2CC2A8C-F905-B124-C88E-DACFF857C6C4} = {A1D43F73-82A9-6F44-5708-95D3AAB2253A}
		{7E8A8859-D4C4-3097-70AC-A3429A633E56} = {D2CC2A8C-F905-B124-C88E-DACFF857C6C4}
		{A12F0679-D01A-C820-C24F-57854746EB98} = {A1D43F73-82A9-6F44-5708-95D3AAB2253A}
		{9F0EC94B-4EEB-DBD5-D53F-EE841995FA5D} = {A12F0679-D01A-C820-C24F-57854746EB98}
	EndGlobalSection
	GlobalSection(ExtensibilityGlobals) = postSolution
		SolutionGuid = {85B74C76-D431-4469-841B-9E768B2B2ABB}
	EndGlobalSection
EndGlobal
